// !$*UTF8*$!
{
	archiveVersion = 1;
	classes = {
	};
	objectVersion = 46;
	objects = {

/* Begin PBXBuildFile section */
		7D1046A21B4AFB5F0005BF49 /* ProfileTableViewController.swift in Sources */ = {isa = PBXBuildFile; fileRef = 7D1046A11B4AFB5F0005BF49 /* ProfileTableViewController.swift */; };
		7D1046A41B4AFE9A0005BF49 /* Icon-Small.png in Resources */ = {isa = PBXBuildFile; fileRef = 7D1046A31B4AFE9A0005BF49 /* Icon-Small.png */; };
		7D1046A61B4B02550005BF49 /* guysmartphone.jpg in Resources */ = {isa = PBXBuildFile; fileRef = 7D1046A51B4B02550005BF49 /* guysmartphone.jpg */; };
		7D30B0521BA5DAF10077E358 /* RankViewController.swift in Sources */ = {isa = PBXBuildFile; fileRef = 7D30B0511BA5DAF10077E358 /* RankViewController.swift */; };
		7D4013B61B45279200141456 /* logoPikMe_03.png in Resources */ = {isa = PBXBuildFile; fileRef = 7D4013B51B45279200141456 /* logoPikMe_03.png */; };
		7D67A02D1B4AC3B500FECAEE /* starrynight.ttf in Resources */ = {isa = PBXBuildFile; fileRef = 7DECAEB61B4975970061559E /* starrynight.ttf */; };
		7D67A0331B4ACB6C00FECAEE /* gear-7.png in Resources */ = {isa = PBXBuildFile; fileRef = 7D67A0321B4ACB6C00FECAEE /* gear-7.png */; };
		7D67A0351B4ACEA600FECAEE /* SignupViewController.swift in Sources */ = {isa = PBXBuildFile; fileRef = 7D67A0341B4ACEA600FECAEE /* SignupViewController.swift */; };
		7D67A0391B4AD38800FECAEE /* button_like_unpressed.png in Resources */ = {isa = PBXBuildFile; fileRef = 7D67A0371B4AD38800FECAEE /* button_like_unpressed.png */; };
		7D67A03B1B4AD6E400FECAEE /* button_like_pressed.png in Resources */ = {isa = PBXBuildFile; fileRef = 7D67A03A1B4AD6E400FECAEE /* button_like_pressed.png */; };
		7D67A03D1B4ADD3700FECAEE /* camera-7_pink.png in Resources */ = {isa = PBXBuildFile; fileRef = 7D67A03C1B4ADD3700FECAEE /* camera-7_pink.png */; };
		7D67A03F1B4ADE4A00FECAEE /* photo-7_pink.png in Resources */ = {isa = PBXBuildFile; fileRef = 7D67A03E1B4ADE4A00FECAEE /* photo-7_pink.png */; };
		7D67A0411B4AE06600FECAEE /* gear-7_green.png in Resources */ = {isa = PBXBuildFile; fileRef = 7D67A0401B4AE06600FECAEE /* gear-7_green.png */; };
		7D70AF7D1B3EEB230073EF3B /* teen-girl-with-smartphone.jpg in Resources */ = {isa = PBXBuildFile; fileRef = 7D70AF7C1B3EEB230073EF3B /* teen-girl-with-smartphone.jpg */; };
		7D7851F81BA744C200C31ECC /* RankElement.swift in Sources */ = {isa = PBXBuildFile; fileRef = 7D7851F71BA744C200C31ECC /* RankElement.swift */; };
		7D7851FA1BA746BE00C31ECC /* RankCell.swift in Sources */ = {isa = PBXBuildFile; fileRef = 7D7851F91BA746BE00C31ECC /* RankCell.swift */; };
		7DABE1601BA8973200B10ABB /* ProfileViewController.swift in Sources */ = {isa = PBXBuildFile; fileRef = 7DABE15F1BA8973200B10ABB /* ProfileViewController.swift */; };
		7DABE1621BA8983600B10ABB /* ProfileElement.swift in Sources */ = {isa = PBXBuildFile; fileRef = 7DABE1611BA8983600B10ABB /* ProfileElement.swift */; };
		7DABE1641BA8CEDC00B10ABB /* ProfileCell.swift in Sources */ = {isa = PBXBuildFile; fileRef = 7DABE1631BA8CEDC00B10ABB /* ProfileCell.swift */; };
		7DECAEB31B4941AD0061559E /* sfondofoto.png in Resources */ = {isa = PBXBuildFile; fileRef = 7DECAEB21B4941AD0061559E /* sfondofoto.png */; };
		7DECAEB51B49488C0061559E /* icon_like.png in Resources */ = {isa = PBXBuildFile; fileRef = 7DECAEB41B49488C0061559E /* icon_like.png */; };
		7DECAEBB1B4979790061559E /* ImageCell.swift in Sources */ = {isa = PBXBuildFile; fileRef = 7DECAEBA1B4979790061559E /* ImageCell.swift */; };
		7DECAEBD1B4980E50061559E /* FeedTableViewController.swift in Sources */ = {isa = PBXBuildFile; fileRef = 7DECAEBC1B4980E50061559E /* FeedTableViewController.swift */; };
		7DECBFBE1B49BE5700C86243 /* Element.swift in Sources */ = {isa = PBXBuildFile; fileRef = 7DECBFBD1B49BE5700C86243 /* Element.swift */; };
		7DECBFC21B49DB1C00C86243 /* pic01.jpg in Resources */ = {isa = PBXBuildFile; fileRef = 7DECBFC01B49DB1C00C86243 /* pic01.jpg */; };
		7DEEBAD31B4184E600E0F7C9 /* LoginViewController.swift in Sources */ = {isa = PBXBuildFile; fileRef = 7DEEBAD21B4184E600E0F7C9 /* LoginViewController.swift */; };
		81BA814B1A49DA1800E65899 /* AppDelegate.swift in Sources */ = {isa = PBXBuildFile; fileRef = 81BA814A1A49DA1800E65899 /* AppDelegate.swift */; };
		81BA81501A49DA1800E65899 /* Main.storyboard in Resources */ = {isa = PBXBuildFile; fileRef = 81BA814E1A49DA1800E65899 /* Main.storyboard */; };
		81BA81521A49DA1800E65899 /* Images.xcassets in Resources */ = {isa = PBXBuildFile; fileRef = 81BA81511A49DA1800E65899 /* Images.xcassets */; };
		81BA81701A49DB6800E65899 /* Bolts.framework in Frameworks */ = {isa = PBXBuildFile; fileRef = 81BA816B1A49DB6800E65899 /* Bolts.framework */; };
		81BA81711A49DB6800E65899 /* Parse.framework in Frameworks */ = {isa = PBXBuildFile; fileRef = 81BA816C1A49DB6800E65899 /* Parse.framework */; };
		81BA81721A49DB6800E65899 /* ParseCrashReporting.framework in Frameworks */ = {isa = PBXBuildFile; fileRef = 81BA816D1A49DB6800E65899 /* ParseCrashReporting.framework */; };
		81BA81731A49DB6800E65899 /* ParseFacebookUtils.framework in Frameworks */ = {isa = PBXBuildFile; fileRef = 81BA816E1A49DB6800E65899 /* ParseFacebookUtils.framework */; };
		81BA81771A49E0D500E65899 /* libsqlite3.dylib in Frameworks */ = {isa = PBXBuildFile; fileRef = 81BA81761A49E0D500E65899 /* libsqlite3.dylib */; };
		81BA81791A49E0DB00E65899 /* AudioToolbox.framework in Frameworks */ = {isa = PBXBuildFile; fileRef = 81BA81781A49E0DB00E65899 /* AudioToolbox.framework */; };
		81BA817B1A49E0E500E65899 /* SystemConfiguration.framework in Frameworks */ = {isa = PBXBuildFile; fileRef = 81BA817A1A49E0E500E65899 /* SystemConfiguration.framework */; };
		81BA817D1A49E0EA00E65899 /* MobileCoreServices.framework in Frameworks */ = {isa = PBXBuildFile; fileRef = 81BA817C1A49E0EA00E65899 /* MobileCoreServices.framework */; };
		81BA817F1A49E0F000E65899 /* libstdc++.6.dylib in Frameworks */ = {isa = PBXBuildFile; fileRef = 81BA817E1A49E0F000E65899 /* libstdc++.6.dylib */; };
		81BA81811A49E10C00E65899 /* ParseUI.framework in Frameworks */ = {isa = PBXBuildFile; fileRef = 81BA81801A49E10C00E65899 /* ParseUI.framework */; };
		AC6E6E581B4BB2CB00F16121 /* Cloud.swift in Sources */ = {isa = PBXBuildFile; fileRef = AC6E6E571B4BB2CB00F16121 /* Cloud.swift */; };
		AC6E6E5A1B4BB30900F16121 /* Pik.swift in Sources */ = {isa = PBXBuildFile; fileRef = AC6E6E591B4BB30900F16121 /* Pik.swift */; };
		ACB7C3A31B51C20800C90A78 /* PikMe_Tests.swift in Sources */ = {isa = PBXBuildFile; fileRef = ACB7C3A21B51C20800C90A78 /* PikMe_Tests.swift */; };
		ACB7C3A91B52526900C90A78 /* Pik.swift in Sources */ = {isa = PBXBuildFile; fileRef = AC6E6E591B4BB30900F16121 /* Pik.swift */; };
		ACB7C3AA1B52527000C90A78 /* Cloud.swift in Sources */ = {isa = PBXBuildFile; fileRef = AC6E6E571B4BB2CB00F16121 /* Cloud.swift */; };
		ACB7C3AB1B52529400C90A78 /* Parse.framework in Frameworks */ = {isa = PBXBuildFile; fileRef = 81BA816C1A49DB6800E65899 /* Parse.framework */; };
		ACB7C3AC1B52529900C90A78 /* Bolts.framework in Frameworks */ = {isa = PBXBuildFile; fileRef = 81BA816B1A49DB6800E65899 /* Bolts.framework */; };
		ACB7C3AD1B52529E00C90A78 /* ParseCrashReporting.framework in Frameworks */ = {isa = PBXBuildFile; fileRef = 81BA816D1A49DB6800E65899 /* ParseCrashReporting.framework */; };
		ACB7C3AE1B5252A200C90A78 /* ParseFacebookUtils.framework in Frameworks */ = {isa = PBXBuildFile; fileRef = 81BA816E1A49DB6800E65899 /* ParseFacebookUtils.framework */; };
		ACB7C3AF1B5252A600C90A78 /* ParseUI.framework in Frameworks */ = {isa = PBXBuildFile; fileRef = 81BA81801A49E10C00E65899 /* ParseUI.framework */; };
		ACB7C3B01B5252AD00C90A78 /* libstdc++.6.dylib in Frameworks */ = {isa = PBXBuildFile; fileRef = 81BA817E1A49E0F000E65899 /* libstdc++.6.dylib */; };
		ACB7C3B11B5252B300C90A78 /* MobileCoreServices.framework in Frameworks */ = {isa = PBXBuildFile; fileRef = 81BA817C1A49E0EA00E65899 /* MobileCoreServices.framework */; };
		ACB7C3B21B5252B700C90A78 /* SystemConfiguration.framework in Frameworks */ = {isa = PBXBuildFile; fileRef = 81BA817A1A49E0E500E65899 /* SystemConfiguration.framework */; };
		ACB7C3B31B5252BC00C90A78 /* AudioToolbox.framework in Frameworks */ = {isa = PBXBuildFile; fileRef = 81BA81781A49E0DB00E65899 /* AudioToolbox.framework */; };
		ACB7C3B41B5252C100C90A78 /* libsqlite3.dylib in Frameworks */ = {isa = PBXBuildFile; fileRef = 81BA81761A49E0D500E65899 /* libsqlite3.dylib */; };
/* End PBXBuildFile section */

/* Begin PBXContainerItemProxy section */
		ACB7C3A41B51C20800C90A78 /* PBXContainerItemProxy */ = {
			isa = PBXContainerItemProxy;
			containerPortal = 81BA813D1A49DA1800E65899 /* Project object */;
			proxyType = 1;
			remoteGlobalIDString = 81BA81441A49DA1800E65899;
			remoteInfo = PikMe;
		};
/* End PBXContainerItemProxy section */

/* Begin PBXFileReference section */
		7D1046A11B4AFB5F0005BF49 /* ProfileTableViewController.swift */ = {isa = PBXFileReference; fileEncoding = 4; lastKnownFileType = sourcecode.swift; path = ProfileTableViewController.swift; sourceTree = "<group>"; };
		7D1046A31B4AFE9A0005BF49 /* Icon-Small.png */ = {isa = PBXFileReference; lastKnownFileType = image.png; path = "Icon-Small.png"; sourceTree = "<group>"; };
		7D1046A51B4B02550005BF49 /* guysmartphone.jpg */ = {isa = PBXFileReference; lastKnownFileType = image.jpeg; path = guysmartphone.jpg; sourceTree = "<group>"; };
		7D30B0511BA5DAF10077E358 /* RankViewController.swift */ = {isa = PBXFileReference; fileEncoding = 4; lastKnownFileType = sourcecode.swift; path = RankViewController.swift; sourceTree = "<group>"; };
		7D4013B51B45279200141456 /* logoPikMe_03.png */ = {isa = PBXFileReference; lastKnownFileType = image.png; path = logoPikMe_03.png; sourceTree = "<group>"; };
		7D67A0321B4ACB6C00FECAEE /* gear-7.png */ = {isa = PBXFileReference; lastKnownFileType = image.png; path = "gear-7.png"; sourceTree = "<group>"; };
		7D67A0341B4ACEA600FECAEE /* SignupViewController.swift */ = {isa = PBXFileReference; fileEncoding = 4; lastKnownFileType = sourcecode.swift; path = SignupViewController.swift; sourceTree = "<group>"; };
		7D67A0371B4AD38800FECAEE /* button_like_unpressed.png */ = {isa = PBXFileReference; lastKnownFileType = image.png; path = button_like_unpressed.png; sourceTree = "<group>"; };
		7D67A03A1B4AD6E400FECAEE /* button_like_pressed.png */ = {isa = PBXFileReference; lastKnownFileType = image.png; path = button_like_pressed.png; sourceTree = "<group>"; };
		7D67A03C1B4ADD3700FECAEE /* camera-7_pink.png */ = {isa = PBXFileReference; lastKnownFileType = image.png; path = "camera-7_pink.png"; sourceTree = "<group>"; };
		7D67A03E1B4ADE4A00FECAEE /* photo-7_pink.png */ = {isa = PBXFileReference; lastKnownFileType = image.png; path = "photo-7_pink.png"; sourceTree = "<group>"; };
		7D67A0401B4AE06600FECAEE /* gear-7_green.png */ = {isa = PBXFileReference; lastKnownFileType = image.png; path = "gear-7_green.png"; sourceTree = "<group>"; };
		7D70AF7C1B3EEB230073EF3B /* teen-girl-with-smartphone.jpg */ = {isa = PBXFileReference; lastKnownFileType = image.jpeg; path = "teen-girl-with-smartphone.jpg"; sourceTree = "<group>"; };
		7D7851F71BA744C200C31ECC /* RankElement.swift */ = {isa = PBXFileReference; fileEncoding = 4; lastKnownFileType = sourcecode.swift; path = RankElement.swift; sourceTree = "<group>"; };
		7D7851F91BA746BE00C31ECC /* RankCell.swift */ = {isa = PBXFileReference; fileEncoding = 4; lastKnownFileType = sourcecode.swift; path = RankCell.swift; sourceTree = "<group>"; };
		7DABE15F1BA8973200B10ABB /* ProfileViewController.swift */ = {isa = PBXFileReference; fileEncoding = 4; lastKnownFileType = sourcecode.swift; path = ProfileViewController.swift; sourceTree = "<group>"; };
		7DABE1611BA8983600B10ABB /* ProfileElement.swift */ = {isa = PBXFileReference; fileEncoding = 4; lastKnownFileType = sourcecode.swift; path = ProfileElement.swift; sourceTree = "<group>"; };
		7DABE1631BA8CEDC00B10ABB /* ProfileCell.swift */ = {isa = PBXFileReference; fileEncoding = 4; lastKnownFileType = sourcecode.swift; path = ProfileCell.swift; sourceTree = "<group>"; };
		7DECAEB21B4941AD0061559E /* sfondofoto.png */ = {isa = PBXFileReference; lastKnownFileType = image.png; path = sfondofoto.png; sourceTree = "<group>"; };
		7DECAEB41B49488C0061559E /* icon_like.png */ = {isa = PBXFileReference; lastKnownFileType = image.png; path = icon_like.png; sourceTree = "<group>"; };
		7DECAEB61B4975970061559E /* starrynight.ttf */ = {isa = PBXFileReference; lastKnownFileType = file; path = starrynight.ttf; sourceTree = "<group>"; };
		7DECAEBA1B4979790061559E /* ImageCell.swift */ = {isa = PBXFileReference; fileEncoding = 4; lastKnownFileType = sourcecode.swift; path = ImageCell.swift; sourceTree = "<group>"; };
		7DECAEBC1B4980E50061559E /* FeedTableViewController.swift */ = {isa = PBXFileReference; fileEncoding = 4; lastKnownFileType = sourcecode.swift; path = FeedTableViewController.swift; sourceTree = "<group>"; };
		7DECBFBD1B49BE5700C86243 /* Element.swift */ = {isa = PBXFileReference; fileEncoding = 4; lastKnownFileType = sourcecode.swift; path = Element.swift; sourceTree = "<group>"; };
		7DECBFC01B49DB1C00C86243 /* pic01.jpg */ = {isa = PBXFileReference; lastKnownFileType = image.jpeg; path = pic01.jpg; sourceTree = "<group>"; };
		7DEEBAD21B4184E600E0F7C9 /* LoginViewController.swift */ = {isa = PBXFileReference; fileEncoding = 4; lastKnownFileType = sourcecode.swift; path = LoginViewController.swift; sourceTree = "<group>"; };
		81BA81451A49DA1800E65899 /* PikMe.app */ = {isa = PBXFileReference; explicitFileType = wrapper.application; includeInIndex = 0; path = PikMe.app; sourceTree = BUILT_PRODUCTS_DIR; };
		81BA81491A49DA1800E65899 /* Info.plist */ = {isa = PBXFileReference; lastKnownFileType = text.plist.xml; path = Info.plist; sourceTree = "<group>"; };
		81BA814A1A49DA1800E65899 /* AppDelegate.swift */ = {isa = PBXFileReference; lastKnownFileType = sourcecode.swift; path = AppDelegate.swift; sourceTree = "<group>"; };
		81BA814F1A49DA1800E65899 /* Base */ = {isa = PBXFileReference; lastKnownFileType = file.storyboard; name = Base; path = Base.lproj/Main.storyboard; sourceTree = "<group>"; };
		81BA81511A49DA1800E65899 /* Images.xcassets */ = {isa = PBXFileReference; lastKnownFileType = folder.assetcatalog; path = Images.xcassets; sourceTree = "<group>"; };
		81BA816B1A49DB6800E65899 /* Bolts.framework */ = {isa = PBXFileReference; lastKnownFileType = wrapper.framework; path = Bolts.framework; sourceTree = "<group>"; };
		81BA816C1A49DB6800E65899 /* Parse.framework */ = {isa = PBXFileReference; lastKnownFileType = wrapper.framework; path = Parse.framework; sourceTree = "<group>"; };
		81BA816D1A49DB6800E65899 /* ParseCrashReporting.framework */ = {isa = PBXFileReference; lastKnownFileType = wrapper.framework; path = ParseCrashReporting.framework; sourceTree = "<group>"; };
		81BA816E1A49DB6800E65899 /* ParseFacebookUtils.framework */ = {isa = PBXFileReference; lastKnownFileType = wrapper.framework; path = ParseFacebookUtils.framework; sourceTree = "<group>"; };
		81BA81761A49E0D500E65899 /* libsqlite3.dylib */ = {isa = PBXFileReference; lastKnownFileType = "compiled.mach-o.dylib"; name = libsqlite3.dylib; path = usr/lib/libsqlite3.dylib; sourceTree = SDKROOT; };
		81BA81781A49E0DB00E65899 /* AudioToolbox.framework */ = {isa = PBXFileReference; lastKnownFileType = wrapper.framework; name = AudioToolbox.framework; path = System/Library/Frameworks/AudioToolbox.framework; sourceTree = SDKROOT; };
		81BA817A1A49E0E500E65899 /* SystemConfiguration.framework */ = {isa = PBXFileReference; lastKnownFileType = wrapper.framework; name = SystemConfiguration.framework; path = System/Library/Frameworks/SystemConfiguration.framework; sourceTree = SDKROOT; };
		81BA817C1A49E0EA00E65899 /* MobileCoreServices.framework */ = {isa = PBXFileReference; lastKnownFileType = wrapper.framework; name = MobileCoreServices.framework; path = System/Library/Frameworks/MobileCoreServices.framework; sourceTree = SDKROOT; };
		81BA817E1A49E0F000E65899 /* libstdc++.6.dylib */ = {isa = PBXFileReference; lastKnownFileType = "compiled.mach-o.dylib"; name = "libstdc++.6.dylib"; path = "usr/lib/libstdc++.6.dylib"; sourceTree = SDKROOT; };
		81BA81801A49E10C00E65899 /* ParseUI.framework */ = {isa = PBXFileReference; lastKnownFileType = wrapper.framework; path = ParseUI.framework; sourceTree = "<group>"; };
		81BA81821A49E27F00E65899 /* ParseStarterProject-Bridging-Header.h */ = {isa = PBXFileReference; fileEncoding = 4; lastKnownFileType = sourcecode.c.h; path = "ParseStarterProject-Bridging-Header.h"; sourceTree = "<group>"; };
		AC6E6E571B4BB2CB00F16121 /* Cloud.swift */ = {isa = PBXFileReference; fileEncoding = 4; lastKnownFileType = sourcecode.swift; path = Cloud.swift; sourceTree = "<group>"; };
		AC6E6E591B4BB30900F16121 /* Pik.swift */ = {isa = PBXFileReference; fileEncoding = 4; lastKnownFileType = sourcecode.swift; path = Pik.swift; sourceTree = "<group>"; };
		ACB7C39E1B51C20800C90A78 /* PikMe Tests.xctest */ = {isa = PBXFileReference; explicitFileType = wrapper.cfbundle; includeInIndex = 0; path = "PikMe Tests.xctest"; sourceTree = BUILT_PRODUCTS_DIR; };
		ACB7C3A11B51C20800C90A78 /* Info.plist */ = {isa = PBXFileReference; lastKnownFileType = text.plist.xml; path = Info.plist; sourceTree = "<group>"; };
		ACB7C3A21B51C20800C90A78 /* PikMe_Tests.swift */ = {isa = PBXFileReference; lastKnownFileType = sourcecode.swift; path = PikMe_Tests.swift; sourceTree = "<group>"; };
/* End PBXFileReference section */

/* Begin PBXFrameworksBuildPhase section */
		81BA81421A49DA1800E65899 /* Frameworks */ = {
			isa = PBXFrameworksBuildPhase;
			buildActionMask = 2147483647;
			files = (
				81BA817F1A49E0F000E65899 /* libstdc++.6.dylib in Frameworks */,
				81BA817D1A49E0EA00E65899 /* MobileCoreServices.framework in Frameworks */,
				81BA817B1A49E0E500E65899 /* SystemConfiguration.framework in Frameworks */,
				81BA81791A49E0DB00E65899 /* AudioToolbox.framework in Frameworks */,
				81BA81771A49E0D500E65899 /* libsqlite3.dylib in Frameworks */,
				81BA81711A49DB6800E65899 /* Parse.framework in Frameworks */,
				81BA81721A49DB6800E65899 /* ParseCrashReporting.framework in Frameworks */,
				81BA81731A49DB6800E65899 /* ParseFacebookUtils.framework in Frameworks */,
				81BA81811A49E10C00E65899 /* ParseUI.framework in Frameworks */,
				81BA81701A49DB6800E65899 /* Bolts.framework in Frameworks */,
			);
			runOnlyForDeploymentPostprocessing = 0;
		};
		ACB7C39B1B51C20800C90A78 /* Frameworks */ = {
			isa = PBXFrameworksBuildPhase;
			buildActionMask = 2147483647;
			files = (
				ACB7C3B01B5252AD00C90A78 /* libstdc++.6.dylib in Frameworks */,
				ACB7C3B11B5252B300C90A78 /* MobileCoreServices.framework in Frameworks */,
				ACB7C3AB1B52529400C90A78 /* Parse.framework in Frameworks */,
				ACB7C3AD1B52529E00C90A78 /* ParseCrashReporting.framework in Frameworks */,
				ACB7C3AF1B5252A600C90A78 /* ParseUI.framework in Frameworks */,
				ACB7C3B31B5252BC00C90A78 /* AudioToolbox.framework in Frameworks */,
				ACB7C3AE1B5252A200C90A78 /* ParseFacebookUtils.framework in Frameworks */,
				ACB7C3B21B5252B700C90A78 /* SystemConfiguration.framework in Frameworks */,
				ACB7C3B41B5252C100C90A78 /* libsqlite3.dylib in Frameworks */,
				ACB7C3AC1B52529900C90A78 /* Bolts.framework in Frameworks */,
			);
			runOnlyForDeploymentPostprocessing = 0;
		};
/* End PBXFrameworksBuildPhase section */

/* Begin PBXGroup section */
		7DECAEB71B4975AE0061559E /* Content */ = {
			isa = PBXGroup;
			children = (
				7DECBFC01B49DB1C00C86243 /* pic01.jpg */,
				7D70AF7C1B3EEB230073EF3B /* teen-girl-with-smartphone.jpg */,
				7D1046A51B4B02550005BF49 /* guysmartphone.jpg */,
				7D4013B51B45279200141456 /* logoPikMe_03.png */,
				7DECAEB21B4941AD0061559E /* sfondofoto.png */,
				7D67A03A1B4AD6E400FECAEE /* button_like_pressed.png */,
				7D67A0371B4AD38800FECAEE /* button_like_unpressed.png */,
				7D1046A31B4AFE9A0005BF49 /* Icon-Small.png */,
				7DECAEB41B49488C0061559E /* icon_like.png */,
				7DECAEB61B4975970061559E /* starrynight.ttf */,
				7D67A03E1B4ADE4A00FECAEE /* photo-7_pink.png */,
				7D67A0321B4ACB6C00FECAEE /* gear-7.png */,
				7D67A0401B4AE06600FECAEE /* gear-7_green.png */,
				7D67A03C1B4ADD3700FECAEE /* camera-7_pink.png */,
			);
			name = Content;
			sourceTree = "<group>";
		};
		812E67EA1B41D83800C0B987 /* Parse */ = {
			isa = PBXGroup;
			children = (
				AC6E6E591B4BB30900F16121 /* Pik.swift */,
				AC6E6E571B4BB2CB00F16121 /* Cloud.swift */,
			);
			name = Parse;
			sourceTree = "<group>";
		};
		81BA813C1A49DA1800E65899 = {
			isa = PBXGroup;
			children = (
				7DABE1631BA8CEDC00B10ABB /* ProfileCell.swift */,
				7DECAEB71B4975AE0061559E /* Content */,
				81BA81471A49DA1800E65899 /* PikMe */,
				ACB7C39F1B51C20800C90A78 /* PikMe Tests */,
				81BA816A1A49DB5600E65899 /* Frameworks */,
				81BA81461A49DA1800E65899 /* Products */,
			);
			sourceTree = "<group>";
		};
		81BA81461A49DA1800E65899 /* Products */ = {
			isa = PBXGroup;
			children = (
				81BA81451A49DA1800E65899 /* PikMe.app */,
				ACB7C39E1B51C20800C90A78 /* PikMe Tests.xctest */,
			);
			name = Products;
			sourceTree = "<group>";
		};
		81BA81471A49DA1800E65899 /* PikMe */ = {
			isa = PBXGroup;
			children = (
				812E67EA1B41D83800C0B987 /* Parse */,
				81BA814A1A49DA1800E65899 /* AppDelegate.swift */,
				7D7851F71BA744C200C31ECC /* RankElement.swift */,
				81BA814E1A49DA1800E65899 /* Main.storyboard */,
				81BA81511A49DA1800E65899 /* Images.xcassets */,
				81BA81481A49DA1800E65899 /* Supporting Files */,
				7DEEBAD21B4184E600E0F7C9 /* LoginViewController.swift */,
				7DECAEBA1B4979790061559E /* ImageCell.swift */,
				7DECAEBC1B4980E50061559E /* FeedTableViewController.swift */,
				7DECBFBD1B49BE5700C86243 /* Element.swift */,
				7D67A0341B4ACEA600FECAEE /* SignupViewController.swift */,
				7D1046A11B4AFB5F0005BF49 /* ProfileTableViewController.swift */,
				7D30B0511BA5DAF10077E358 /* RankViewController.swift */,
				7D7851F91BA746BE00C31ECC /* RankCell.swift */,
				7DABE15F1BA8973200B10ABB /* ProfileViewController.swift */,
				7DABE1611BA8983600B10ABB /* ProfileElement.swift */,
			);
			name = PikMe;
			path = ParseStarterProject;
			sourceTree = "<group>";
		};
		81BA81481A49DA1800E65899 /* Supporting Files */ = {
			isa = PBXGroup;
			children = (
				81BA81491A49DA1800E65899 /* Info.plist */,
				81BA81821A49E27F00E65899 /* ParseStarterProject-Bridging-Header.h */,
			);
			name = "Supporting Files";
			sourceTree = "<group>";
		};
		81BA816A1A49DB5600E65899 /* Frameworks */ = {
			isa = PBXGroup;
			children = (
				81BA816B1A49DB6800E65899 /* Bolts.framework */,
				81BA816C1A49DB6800E65899 /* Parse.framework */,
				81BA816D1A49DB6800E65899 /* ParseCrashReporting.framework */,
				81BA816E1A49DB6800E65899 /* ParseFacebookUtils.framework */,
				81BA81801A49E10C00E65899 /* ParseUI.framework */,
				81BA81751A49E0C500E65899 /* System Frameworks */,
			);
			name = Frameworks;
			sourceTree = "<group>";
		};
		81BA81751A49E0C500E65899 /* System Frameworks */ = {
			isa = PBXGroup;
			children = (
				81BA817E1A49E0F000E65899 /* libstdc++.6.dylib */,
				81BA817C1A49E0EA00E65899 /* MobileCoreServices.framework */,
				81BA817A1A49E0E500E65899 /* SystemConfiguration.framework */,
				81BA81781A49E0DB00E65899 /* AudioToolbox.framework */,
				81BA81761A49E0D500E65899 /* libsqlite3.dylib */,
			);
			name = "System Frameworks";
			sourceTree = "<group>";
		};
		ACB7C39F1B51C20800C90A78 /* PikMe Tests */ = {
			isa = PBXGroup;
			children = (
				ACB7C3A21B51C20800C90A78 /* PikMe_Tests.swift */,
				ACB7C3A01B51C20800C90A78 /* Supporting Files */,
			);
			path = "PikMe Tests";
			sourceTree = "<group>";
		};
		ACB7C3A01B51C20800C90A78 /* Supporting Files */ = {
			isa = PBXGroup;
			children = (
				ACB7C3A11B51C20800C90A78 /* Info.plist */,
			);
			name = "Supporting Files";
			sourceTree = "<group>";
		};
/* End PBXGroup section */

/* Begin PBXNativeTarget section */
		81BA81441A49DA1800E65899 /* PikMe */ = {
			isa = PBXNativeTarget;
			buildConfigurationList = 81BA81641A49DA1800E65899 /* Build configuration list for PBXNativeTarget "PikMe" */;
			buildPhases = (
				81BA81411A49DA1800E65899 /* Sources */,
				81BA81421A49DA1800E65899 /* Frameworks */,
				81BA81431A49DA1800E65899 /* Resources */,
				81CC85E11A49F6D40076DE19 /* Upload Symbol Files */,
			);
			buildRules = (
			);
			dependencies = (
			);
			name = PikMe;
			productName = ParseStarterProject;
			productReference = 81BA81451A49DA1800E65899 /* PikMe.app */;
			productType = "com.apple.product-type.application";
		};
		ACB7C39D1B51C20800C90A78 /* PikMe Tests */ = {
			isa = PBXNativeTarget;
			buildConfigurationList = ACB7C3A81B51C20800C90A78 /* Build configuration list for PBXNativeTarget "PikMe Tests" */;
			buildPhases = (
				ACB7C39A1B51C20800C90A78 /* Sources */,
				ACB7C39B1B51C20800C90A78 /* Frameworks */,
				ACB7C39C1B51C20800C90A78 /* Resources */,
			);
			buildRules = (
			);
			dependencies = (
				ACB7C3A51B51C20800C90A78 /* PBXTargetDependency */,
			);
			name = "PikMe Tests";
			productName = "PikMe Tests";
			productReference = ACB7C39E1B51C20800C90A78 /* PikMe Tests.xctest */;
			productType = "com.apple.product-type.bundle.unit-test";
		};
/* End PBXNativeTarget section */

/* Begin PBXProject section */
		81BA813D1A49DA1800E65899 /* Project object */ = {
			isa = PBXProject;
			attributes = {
				LastSwiftUpdateCheck = 0700;
				LastUpgradeCheck = 0610;
				ORGANIZATIONNAME = Parse;
				TargetAttributes = {
					81BA81441A49DA1800E65899 = {
						CreatedOnToolsVersion = 6.1.1;
					};
					ACB7C39D1B51C20800C90A78 = {
						CreatedOnToolsVersion = 6.4;
						TestTargetID = 81BA81441A49DA1800E65899;
					};
				};
			};
			buildConfigurationList = 81BA81401A49DA1800E65899 /* Build configuration list for PBXProject "PikMe" */;
			compatibilityVersion = "Xcode 3.2";
			developmentRegion = English;
			hasScannedForEncodings = 0;
			knownRegions = (
				en,
				Base,
			);
			mainGroup = 81BA813C1A49DA1800E65899;
			productRefGroup = 81BA81461A49DA1800E65899 /* Products */;
			projectDirPath = "";
			projectRoot = "";
			targets = (
				81BA81441A49DA1800E65899 /* PikMe */,
				ACB7C39D1B51C20800C90A78 /* PikMe Tests */,
			);
		};
/* End PBXProject section */

/* Begin PBXResourcesBuildPhase section */
		81BA81431A49DA1800E65899 /* Resources */ = {
			isa = PBXResourcesBuildPhase;
			buildActionMask = 2147483647;
			files = (
				7D67A02D1B4AC3B500FECAEE /* starrynight.ttf in Resources */,
				7D4013B61B45279200141456 /* logoPikMe_03.png in Resources */,
				7DECAEB51B49488C0061559E /* icon_like.png in Resources */,
				7D70AF7D1B3EEB230073EF3B /* teen-girl-with-smartphone.jpg in Resources */,
				7D67A0411B4AE06600FECAEE /* gear-7_green.png in Resources */,
				7DECAEB31B4941AD0061559E /* sfondofoto.png in Resources */,
				7D1046A61B4B02550005BF49 /* guysmartphone.jpg in Resources */,
				7D67A0391B4AD38800FECAEE /* button_like_unpressed.png in Resources */,
				7D67A03F1B4ADE4A00FECAEE /* photo-7_pink.png in Resources */,
				7D1046A41B4AFE9A0005BF49 /* Icon-Small.png in Resources */,
				7DECBFC21B49DB1C00C86243 /* pic01.jpg in Resources */,
				7D67A03D1B4ADD3700FECAEE /* camera-7_pink.png in Resources */,
				7D67A03B1B4AD6E400FECAEE /* button_like_pressed.png in Resources */,
				7D67A0331B4ACB6C00FECAEE /* gear-7.png in Resources */,
				81BA81501A49DA1800E65899 /* Main.storyboard in Resources */,
				81BA81521A49DA1800E65899 /* Images.xcassets in Resources */,
			);
			runOnlyForDeploymentPostprocessing = 0;
		};
		ACB7C39C1B51C20800C90A78 /* Resources */ = {
			isa = PBXResourcesBuildPhase;
			buildActionMask = 2147483647;
			files = (
			);
			runOnlyForDeploymentPostprocessing = 0;
		};
/* End PBXResourcesBuildPhase section */

/* Begin PBXShellScriptBuildPhase section */
		81CC85E11A49F6D40076DE19 /* Upload Symbol Files */ = {
			isa = PBXShellScriptBuildPhase;
			buildActionMask = 2147483647;
			files = (
			);
			inputPaths = (
			);
			name = "Upload Symbol Files";
			outputPaths = (
			);
			runOnlyForDeploymentPostprocessing = 0;
			shellPath = /bin/sh;
			shellScript = "# This script will upload symbol files for your application,\n# so all your crash reports are going to be symbolicated\n\n# Important!\n# Before using the script, please initialize CloudCode folder and replace <path_to_cloudcode_folder> with the path to it\n#\n# Read more on Parse.com - https://parse.com/apps/quickstart#analytics/crashreporting/ios/\n############################################################\n\n\n# export PATH=/usr/local/bin:$PATH\n# cd <path_to_cloudcode_folder>\n\n# parse symbols -p \"${DWARF_DSYM_FOLDER_PATH}/${DWARF_DSYM_FILE_NAME}\"\n";
		};
/* End PBXShellScriptBuildPhase section */

/* Begin PBXSourcesBuildPhase section */
		81BA81411A49DA1800E65899 /* Sources */ = {
			isa = PBXSourcesBuildPhase;
			buildActionMask = 2147483647;
			files = (
				7D30B0521BA5DAF10077E358 /* RankViewController.swift in Sources */,
				7D1046A21B4AFB5F0005BF49 /* ProfileTableViewController.swift in Sources */,
				7DABE1621BA8983600B10ABB /* ProfileElement.swift in Sources */,
				7D67A0351B4ACEA600FECAEE /* SignupViewController.swift in Sources */,
				7DEEBAD31B4184E600E0F7C9 /* LoginViewController.swift in Sources */,
				AC6E6E5A1B4BB30900F16121 /* Pik.swift in Sources */,
				7D7851FA1BA746BE00C31ECC /* RankCell.swift in Sources */,
				7DECAEBB1B4979790061559E /* ImageCell.swift in Sources */,
				7DECAEBD1B4980E50061559E /* FeedTableViewController.swift in Sources */,
				7DABE1641BA8CEDC00B10ABB /* ProfileCell.swift in Sources */,
				AC6E6E581B4BB2CB00F16121 /* Cloud.swift in Sources */,
				81BA814B1A49DA1800E65899 /* AppDelegate.swift in Sources */,
				7DABE1601BA8973200B10ABB /* ProfileViewController.swift in Sources */,
				7D7851F81BA744C200C31ECC /* RankElement.swift in Sources */,
				7DECBFBE1B49BE5700C86243 /* Element.swift in Sources */,
			);
			runOnlyForDeploymentPostprocessing = 0;
		};
		ACB7C39A1B51C20800C90A78 /* Sources */ = {
			isa = PBXSourcesBuildPhase;
			buildActionMask = 2147483647;
			files = (
				ACB7C3A91B52526900C90A78 /* Pik.swift in Sources */,
				ACB7C3AA1B52527000C90A78 /* Cloud.swift in Sources */,
				ACB7C3A31B51C20800C90A78 /* PikMe_Tests.swift in Sources */,
			);
			runOnlyForDeploymentPostprocessing = 0;
		};
/* End PBXSourcesBuildPhase section */

/* Begin PBXTargetDependency section */
		ACB7C3A51B51C20800C90A78 /* PBXTargetDependency */ = {
			isa = PBXTargetDependency;
			target = 81BA81441A49DA1800E65899 /* PikMe */;
			targetProxy = ACB7C3A41B51C20800C90A78 /* PBXContainerItemProxy */;
		};
/* End PBXTargetDependency section */

/* Begin PBXVariantGroup section */
		81BA814E1A49DA1800E65899 /* Main.storyboard */ = {
			isa = PBXVariantGroup;
			children = (
				81BA814F1A49DA1800E65899 /* Base */,
			);
			name = Main.storyboard;
			sourceTree = "<group>";
		};
/* End PBXVariantGroup section */

/* Begin XCBuildConfiguration section */
		81BA81621A49DA1800E65899 /* Debug */ = {
			isa = XCBuildConfiguration;
			buildSettings = {
				ALWAYS_SEARCH_USER_PATHS = NO;
				CLANG_CXX_LANGUAGE_STANDARD = "gnu++0x";
				CLANG_CXX_LIBRARY = "libc++";
				CLANG_ENABLE_MODULES = YES;
				CLANG_ENABLE_OBJC_ARC = YES;
				CLANG_WARN_BOOL_CONVERSION = YES;
				CLANG_WARN_CONSTANT_CONVERSION = YES;
				CLANG_WARN_DIRECT_OBJC_ISA_USAGE = YES_ERROR;
				CLANG_WARN_EMPTY_BODY = YES;
				CLANG_WARN_ENUM_CONVERSION = YES;
				CLANG_WARN_INT_CONVERSION = YES;
				CLANG_WARN_OBJC_ROOT_CLASS = YES_ERROR;
				CLANG_WARN_UNREACHABLE_CODE = YES;
				CLANG_WARN__DUPLICATE_METHOD_MATCH = YES;
				"CODE_SIGN_IDENTITY[sdk=iphoneos*]" = "iPhone Developer";
				COPY_PHASE_STRIP = NO;
				ENABLE_STRICT_OBJC_MSGSEND = YES;
				GCC_C_LANGUAGE_STANDARD = gnu99;
				GCC_DYNAMIC_NO_PIC = NO;
				GCC_OPTIMIZATION_LEVEL = 0;
				GCC_PREPROCESSOR_DEFINITIONS = (
					"DEBUG=1",
					"$(inherited)",
				);
				GCC_SYMBOLS_PRIVATE_EXTERN = NO;
				GCC_WARN_64_TO_32_BIT_CONVERSION = YES;
				GCC_WARN_ABOUT_RETURN_TYPE = YES_ERROR;
				GCC_WARN_UNDECLARED_SELECTOR = YES;
				GCC_WARN_UNINITIALIZED_AUTOS = YES_AGGRESSIVE;
				GCC_WARN_UNUSED_FUNCTION = YES;
				GCC_WARN_UNUSED_VARIABLE = YES;
				IPHONEOS_DEPLOYMENT_TARGET = 7.0;
				MTL_ENABLE_DEBUG_INFO = YES;
				ONLY_ACTIVE_ARCH = YES;
				SDKROOT = iphoneos;
				SWIFT_OPTIMIZATION_LEVEL = "-Onone";
				TARGETED_DEVICE_FAMILY = "1,2";
			};
			name = Debug;
		};
		81BA81631A49DA1800E65899 /* Release */ = {
			isa = XCBuildConfiguration;
			buildSettings = {
				ALWAYS_SEARCH_USER_PATHS = NO;
				CLANG_CXX_LANGUAGE_STANDARD = "gnu++0x";
				CLANG_CXX_LIBRARY = "libc++";
				CLANG_ENABLE_MODULES = YES;
				CLANG_ENABLE_OBJC_ARC = YES;
				CLANG_WARN_BOOL_CONVERSION = YES;
				CLANG_WARN_CONSTANT_CONVERSION = YES;
				CLANG_WARN_DIRECT_OBJC_ISA_USAGE = YES_ERROR;
				CLANG_WARN_EMPTY_BODY = YES;
				CLANG_WARN_ENUM_CONVERSION = YES;
				CLANG_WARN_INT_CONVERSION = YES;
				CLANG_WARN_OBJC_ROOT_CLASS = YES_ERROR;
				CLANG_WARN_UNREACHABLE_CODE = YES;
				CLANG_WARN__DUPLICATE_METHOD_MATCH = YES;
				"CODE_SIGN_IDENTITY[sdk=iphoneos*]" = "iPhone Developer";
				COPY_PHASE_STRIP = YES;
				ENABLE_NS_ASSERTIONS = NO;
				ENABLE_STRICT_OBJC_MSGSEND = YES;
				GCC_C_LANGUAGE_STANDARD = gnu99;
				GCC_WARN_64_TO_32_BIT_CONVERSION = YES;
				GCC_WARN_ABOUT_RETURN_TYPE = YES_ERROR;
				GCC_WARN_UNDECLARED_SELECTOR = YES;
				GCC_WARN_UNINITIALIZED_AUTOS = YES_AGGRESSIVE;
				GCC_WARN_UNUSED_FUNCTION = YES;
				GCC_WARN_UNUSED_VARIABLE = YES;
				IPHONEOS_DEPLOYMENT_TARGET = 7.0;
				MTL_ENABLE_DEBUG_INFO = NO;
				SDKROOT = iphoneos;
				TARGETED_DEVICE_FAMILY = "1,2";
				VALIDATE_PRODUCT = YES;
			};
			name = Release;
		};
		81BA81651A49DA1800E65899 /* Debug */ = {
			isa = XCBuildConfiguration;
			buildSettings = {
				ASSETCATALOG_COMPILER_APPICON_NAME = AppIcon;
				ASSETCATALOG_COMPILER_LAUNCHIMAGE_NAME = LaunchImage;
				FRAMEWORK_SEARCH_PATHS = (
					"$(inherited)",
					"$(PROJECT_DIR)",
				);
				INFOPLIST_FILE = ParseStarterProject/Info.plist;
				LD_RUNPATH_SEARCH_PATHS = "$(inherited) @executable_path/Frameworks";
				PRODUCT_NAME = PikMe;
				SWIFT_OBJC_BRIDGING_HEADER = "ParseStarterProject/ParseStarterProject-Bridging-Header.h";
				TARGETED_DEVICE_FAMILY = 1;
			};
			name = Debug;
		};
		81BA81661A49DA1800E65899 /* Release */ = {
			isa = XCBuildConfiguration;
			buildSettings = {
				ASSETCATALOG_COMPILER_APPICON_NAME = AppIcon;
				ASSETCATALOG_COMPILER_LAUNCHIMAGE_NAME = LaunchImage;
				FRAMEWORK_SEARCH_PATHS = (
					"$(inherited)",
					"$(PROJECT_DIR)",
				);
				GCC_SYMBOLS_PRIVATE_EXTERN = YES;
				INFOPLIST_FILE = ParseStarterProject/Info.plist;
				LD_RUNPATH_SEARCH_PATHS = "$(inherited) @executable_path/Frameworks";
				PRODUCT_NAME = PikMe;
				SWIFT_OBJC_BRIDGING_HEADER = "ParseStarterProject/ParseStarterProject-Bridging-Header.h";
				TARGETED_DEVICE_FAMILY = 1;
			};
			name = Release;
		};
		ACB7C3A61B51C20800C90A78 /* Debug */ = {
			isa = XCBuildConfiguration;
			buildSettings = {
				BUNDLE_LOADER = "$(BUILT_PRODUCTS_DIR)/PikMe.app/PikMe";
				DEBUG_INFORMATION_FORMAT = "dwarf-with-dsym";
				FRAMEWORK_SEARCH_PATHS = (
					"$(SDKROOT)/Developer/Library/Frameworks",
					"$(inherited)",
					"$(PROJECT_DIR)",
				);
				GCC_NO_COMMON_BLOCKS = YES;
				GCC_PREPROCESSOR_DEFINITIONS = (
					"DEBUG=1",
					"$(inherited)",
				);
				INFOPLIST_FILE = "PikMe Tests/Info.plist";
				IPHONEOS_DEPLOYMENT_TARGET = 8.4;
				LD_RUNPATH_SEARCH_PATHS = "$(inherited) @executable_path/Frameworks @loader_path/Frameworks";
				PRODUCT_NAME = "$(TARGET_NAME)";
				TEST_HOST = "$(BUNDLE_LOADER)";
			};
			name = Debug;
		};
		ACB7C3A71B51C20800C90A78 /* Release */ = {
			isa = XCBuildConfiguration;
			buildSettings = {
				BUNDLE_LOADER = "$(BUILT_PRODUCTS_DIR)/PikMe.app/PikMe";
				COPY_PHASE_STRIP = NO;
				DEBUG_INFORMATION_FORMAT = "dwarf-with-dsym";
				FRAMEWORK_SEARCH_PATHS = (
					"$(SDKROOT)/Developer/Library/Frameworks",
					"$(inherited)",
					"$(PROJECT_DIR)",
				);
				GCC_NO_COMMON_BLOCKS = YES;
				INFOPLIST_FILE = "PikMe Tests/Info.plist";
				IPHONEOS_DEPLOYMENT_TARGET = 8.4;
				LD_RUNPATH_SEARCH_PATHS = "$(inherited) @executable_path/Frameworks @loader_path/Frameworks";
				PRODUCT_NAME = "$(TARGET_NAME)";
				TEST_HOST = "$(BUNDLE_LOADER)";
			};
			name = Release;
		};
/* End XCBuildConfiguration section */

/* Begin XCConfigurationList section */
		81BA81401A49DA1800E65899 /* Build configuration list for PBXProject "PikMe" */ = {
			isa = XCConfigurationList;
			buildConfigurations = (
				81BA81621A49DA1800E65899 /* Debug */,
				81BA81631A49DA1800E65899 /* Release */,
			);
			defaultConfigurationIsVisible = 0;
			defaultConfigurationName = Release;
		};
		81BA81641A49DA1800E65899 /* Build configuration list for PBXNativeTarget "PikMe" */ = {
			isa = XCConfigurationList;
			buildConfigurations = (
				81BA81651A49DA1800E65899 /* Debug */,
				81BA81661A49DA1800E65899 /* Release */,
			);
			defaultConfigurationIsVisible = 0;
			defaultConfigurationName = Release;
		};
		ACB7C3A81B51C20800C90A78 /* Build configuration list for PBXNativeTarget "PikMe Tests" */ = {
			isa = XCConfigurationList;
			buildConfigurations = (
				ACB7C3A61B51C20800C90A78 /* Debug */,
				ACB7C3A71B51C20800C90A78 /* Release */,
			);
			defaultConfigurationIsVisible = 0;
			defaultConfigurationName = Release;
		};
/* End XCConfigurationList section */
	};
	rootObject = 81BA813D1A49DA1800E65899 /* Project object */;
}
